// !$*UTF8*$!
{
	archiveVersion = 1;
	classes = {
	};
	objectVersion = 50;
	objects = {

/* Begin PBXBuildFile section */
		6A2D7FCD240464A500E74F2B /* Culc2ndFloor.swift in Sources */ = {isa = PBXBuildFile; fileRef = 6A2D7FCC240464A500E74F2B /* Culc2ndFloor.swift */; };
		6A33C36C2404EA4E008BED6F /* Culc3rdFloor.swift in Sources */ = {isa = PBXBuildFile; fileRef = 6A33C36B2404EA4E008BED6F /* Culc3rdFloor.swift */; };
		6A33C36E2404EC47008BED6F /* Culc4thFloor.swift in Sources */ = {isa = PBXBuildFile; fileRef = 6A33C36D2404EC47008BED6F /* Culc4thFloor.swift */; };
		6A33C3702404ED86008BED6F /* FloorViewController.swift in Sources */ = {isa = PBXBuildFile; fileRef = 6A33C36F2404ED86008BED6F /* FloorViewController.swift */; };
		6AE1E40223EB7ACD00A9AA6E /* AppDelegate.swift in Sources */ = {isa = PBXBuildFile; fileRef = 6AE1E40123EB7ACD00A9AA6E /* AppDelegate.swift */; };
		6AE1E40423EB7ACD00A9AA6E /* SceneDelegate.swift in Sources */ = {isa = PBXBuildFile; fileRef = 6AE1E40323EB7ACD00A9AA6E /* SceneDelegate.swift */; };
		6AE1E40923EB7ACD00A9AA6E /* Main.storyboard in Resources */ = {isa = PBXBuildFile; fileRef = 6AE1E40723EB7ACD00A9AA6E /* Main.storyboard */; };
		6AE1E40B23EB7AD000A9AA6E /* Assets.xcassets in Resources */ = {isa = PBXBuildFile; fileRef = 6AE1E40A23EB7AD000A9AA6E /* Assets.xcassets */; };
		6AE1E40E23EB7AD000A9AA6E /* LaunchScreen.storyboard in Resources */ = {isa = PBXBuildFile; fileRef = 6AE1E40C23EB7AD000A9AA6E /* LaunchScreen.storyboard */; };
/* End PBXBuildFile section */

/* Begin PBXFileReference section */
		6A2D7FCC240464A500E74F2B /* Culc2ndFloor.swift */ = {isa = PBXFileReference; lastKnownFileType = sourcecode.swift; path = Culc2ndFloor.swift; sourceTree = "<group>"; };
		6A33C36B2404EA4E008BED6F /* Culc3rdFloor.swift */ = {isa = PBXFileReference; lastKnownFileType = sourcecode.swift; path = Culc3rdFloor.swift; sourceTree = "<group>"; };
		6A33C36D2404EC47008BED6F /* Culc4thFloor.swift */ = {isa = PBXFileReference; lastKnownFileType = sourcecode.swift; path = Culc4thFloor.swift; sourceTree = "<group>"; };
		6A33C36F2404ED86008BED6F /* FloorViewController.swift */ = {isa = PBXFileReference; lastKnownFileType = sourcecode.swift; path = FloorViewController.swift; sourceTree = "<group>"; };
		6AE1E3FE23EB7ACD00A9AA6E /* BUSCA App.app */ = {isa = PBXFileReference; explicitFileType = wrapper.application; includeInIndex = 0; path = "BUSCA App.app"; sourceTree = BUILT_PRODUCTS_DIR; };
		6AE1E40123EB7ACD00A9AA6E /* AppDelegate.swift */ = {isa = PBXFileReference; lastKnownFileType = sourcecode.swift; path = AppDelegate.swift; sourceTree = "<group>"; };
		6AE1E40323EB7ACD00A9AA6E /* SceneDelegate.swift */ = {isa = PBXFileReference; lastKnownFileType = sourcecode.swift; path = SceneDelegate.swift; sourceTree = "<group>"; };
		6AE1E40823EB7ACD00A9AA6E /* Base */ = {isa = PBXFileReference; lastKnownFileType = file.storyboard; name = Base; path = Base.lproj/Main.storyboard; sourceTree = "<group>"; };
		6AE1E40A23EB7AD000A9AA6E /* Assets.xcassets */ = {isa = PBXFileReference; lastKnownFileType = folder.assetcatalog; path = Assets.xcassets; sourceTree = "<group>"; };
		6AE1E40D23EB7AD000A9AA6E /* Base */ = {isa = PBXFileReference; lastKnownFileType = file.storyboard; name = Base; path = Base.lproj/LaunchScreen.storyboard; sourceTree = "<group>"; };
		6AE1E40F23EB7AD000A9AA6E /* Info.plist */ = {isa = PBXFileReference; lastKnownFileType = text.plist.xml; path = Info.plist; sourceTree = "<group>"; };
/* End PBXFileReference section */

/* Begin PBXFrameworksBuildPhase section */
		6AE1E3FB23EB7ACD00A9AA6E /* Frameworks */ = {
			isa = PBXFrameworksBuildPhase;
			buildActionMask = 2147483647;
			files = (
			);
			runOnlyForDeploymentPostprocessing = 0;
		};
/* End PBXFrameworksBuildPhase section */

/* Begin PBXGroup section */
		6AE1E3F523EB7ACD00A9AA6E = {
			isa = PBXGroup;
			children = (
				6AE1E40023EB7ACD00A9AA6E /* BUSCA App */,
				6AE1E3FF23EB7ACD00A9AA6E /* Products */,
			);
			sourceTree = "<group>";
		};
		6AE1E3FF23EB7ACD00A9AA6E /* Products */ = {
			isa = PBXGroup;
			children = (
				6AE1E3FE23EB7ACD00A9AA6E /* BUSCA App.app */,
			);
			name = Products;
			sourceTree = "<group>";
		};
		6AE1E40023EB7ACD00A9AA6E /* BUSCA App */ = {
			isa = PBXGroup;
			children = (
				6AE1E40123EB7ACD00A9AA6E /* AppDelegate.swift */,
				6AE1E40323EB7ACD00A9AA6E /* SceneDelegate.swift */,
				6A2D7FCC240464A500E74F2B /* Culc2ndFloor.swift */,
				6A33C36F2404ED86008BED6F /* FloorViewController.swift */,
				6A33C36B2404EA4E008BED6F /* Culc3rdFloor.swift */,
				6A33C36D2404EC47008BED6F /* Culc4thFloor.swift */,
				6AE1E40723EB7ACD00A9AA6E /* Main.storyboard */,
				6AE1E40A23EB7AD000A9AA6E /* Assets.xcassets */,
				6AE1E40C23EB7AD000A9AA6E /* LaunchScreen.storyboard */,
				6AE1E40F23EB7AD000A9AA6E /* Info.plist */,
			);
			path = "BUSCA App";
			sourceTree = "<group>";
		};
/* End PBXGroup section */

/* Begin PBXNativeTarget section */
		6AE1E3FD23EB7ACD00A9AA6E /* BUSCA App */ = {
			isa = PBXNativeTarget;
			buildConfigurationList = 6AE1E41223EB7AD000A9AA6E /* Build configuration list for PBXNativeTarget "BUSCA App" */;
			buildPhases = (
				6AE1E3FA23EB7ACD00A9AA6E /* Sources */,
				6AE1E3FB23EB7ACD00A9AA6E /* Frameworks */,
				6AE1E3FC23EB7ACD00A9AA6E /* Resources */,
			);
			buildRules = (
			);
			dependencies = (
			);
			name = "BUSCA App";
			productName = "BUSCA App";
			productReference = 6AE1E3FE23EB7ACD00A9AA6E /* BUSCA App.app */;
			productType = "com.apple.product-type.application";
		};
/* End PBXNativeTarget section */

/* Begin PBXProject section */
		6AE1E3F623EB7ACD00A9AA6E /* Project object */ = {
			isa = PBXProject;
			attributes = {
				LastSwiftUpdateCheck = 1130;
				LastUpgradeCheck = 1130;
				ORGANIZATIONNAME = "Georgia Institute of Technology";
				TargetAttributes = {
					6AE1E3FD23EB7ACD00A9AA6E = {
						CreatedOnToolsVersion = 11.3.1;
					};
				};
			};
			buildConfigurationList = 6AE1E3F923EB7ACD00A9AA6E /* Build configuration list for PBXProject "BUSCA App" */;
			compatibilityVersion = "Xcode 9.3";
			developmentRegion = en;
			hasScannedForEncodings = 0;
			knownRegions = (
				en,
				Base,
			);
			mainGroup = 6AE1E3F523EB7ACD00A9AA6E;
			productRefGroup = 6AE1E3FF23EB7ACD00A9AA6E /* Products */;
			projectDirPath = "";
			projectRoot = "";
			targets = (
				6AE1E3FD23EB7ACD00A9AA6E /* BUSCA App */,
			);
		};
/* End PBXProject section */

/* Begin PBXResourcesBuildPhase section */
		6AE1E3FC23EB7ACD00A9AA6E /* Resources */ = {
			isa = PBXResourcesBuildPhase;
			buildActionMask = 2147483647;
			files = (
				6AE1E40E23EB7AD000A9AA6E /* LaunchScreen.storyboard in Resources */,
				6AE1E40B23EB7AD000A9AA6E /* Assets.xcassets in Resources */,
				6AE1E40923EB7ACD00A9AA6E /* Main.storyboard in Resources */,
			);
			runOnlyForDeploymentPostprocessing = 0;
		};
/* End PBXResourcesBuildPhase section */

/* Begin PBXSourcesBuildPhase section */
		6AE1E3FA23EB7ACD00A9AA6E /* Sources */ = {
			isa = PBXSourcesBuildPhase;
			buildActionMask = 2147483647;
			files = (
				6A2D7FCD240464A500E74F2B /* Culc2ndFloor.swift in Sources */,
				6A33C3702404ED86008BED6F /* FloorViewController.swift in Sources */,
				6AE1E40223EB7ACD00A9AA6E /* AppDelegate.swift in Sources */,
				6AE1E40423EB7ACD00A9AA6E /* SceneDelegate.swift in Sources */,
				6A33C36E2404EC47008BED6F /* Culc4thFloor.swift in Sources */,
				6A33C36C2404EA4E008BED6F /* Culc3rdFloor.swift in Sources */,
			);
			runOnlyForDeploymentPostprocessing = 0;
		};
/* End PBXSourcesBuildPhase section */

/* Begin PBXVariantGroup section */
		6AE1E40723EB7ACD00A9AA6E /* Main.storyboard */ = {
			isa = PBXVariantGroup;
			children = (
				6AE1E40823EB7ACD00A9AA6E /* Base */,
			);
			name = Main.storyboard;
			sourceTree = "<group>";
		};
		6AE1E40C23EB7AD000A9AA6E /* LaunchScreen.storyboard */ = {
			isa = PBXVariantGroup;
			children = (
				6AE1E40D23EB7AD000A9AA6E /* Base */,
			);
			name = LaunchScreen.storyboard;
			sourceTree = "<group>";
		};
/* End PBXVariantGroup section */

/* Begin XCBuildConfiguration section */
		6AE1E41023EB7AD000A9AA6E /* Debug */ = {
			isa = XCBuildConfiguration;
			buildSettings = {
				ALWAYS_SEARCH_USER_PATHS = NO;
				CLANG_ANALYZER_NONNULL = YES;
				CLANG_ANALYZER_NUMBER_OBJECT_CONVERSION = YES_AGGRESSIVE;
				CLANG_CXX_LANGUAGE_STANDARD = "gnu++14";
				CLANG_CXX_LIBRARY = "libc++";
				CLANG_ENABLE_MODULES = YES;
				CLANG_ENABLE_OBJC_ARC = YES;
				CLANG_ENABLE_OBJC_WEAK = YES;
				CLANG_WARN_BLOCK_CAPTURE_AUTORELEASING = YES;
				CLANG_WARN_BOOL_CONVERSION = YES;
				CLANG_WARN_COMMA = YES;
				CLANG_WARN_CONSTANT_CONVERSION = YES;
				CLANG_WARN_DEPRECATED_OBJC_IMPLEMENTATIONS = YES;
				CLANG_WARN_DIRECT_OBJC_ISA_USAGE = YES_ERROR;
				CLANG_WARN_DOCUMENTATION_COMMENTS = YES;
				CLANG_WARN_EMPTY_BODY = YES;
				CLANG_WARN_ENUM_CONVERSION = YES;
				CLANG_WARN_INFINITE_RECURSION = YES;
				CLANG_WARN_INT_CONVERSION = YES;
				CLANG_WARN_NON_LITERAL_NULL_CONVERSION = YES;
				CLANG_WARN_OBJC_IMPLICIT_RETAIN_SELF = YES;
				CLANG_WARN_OBJC_LITERAL_CONVERSION = YES;
				CLANG_WARN_OBJC_ROOT_CLASS = YES_ERROR;
				CLANG_WARN_RANGE_LOOP_ANALYSIS = YES;
				CLANG_WARN_STRICT_PROTOTYPES = YES;
				CLANG_WARN_SUSPICIOUS_MOVE = YES;
				CLANG_WARN_UNGUARDED_AVAILABILITY = YES_AGGRESSIVE;
				CLANG_WARN_UNREACHABLE_CODE = YES;
				CLANG_WARN__DUPLICATE_METHOD_MATCH = YES;
				COPY_PHASE_STRIP = NO;
				DEBUG_INFORMATION_FORMAT = dwarf;
				ENABLE_STRICT_OBJC_MSGSEND = YES;
				ENABLE_TESTABILITY = YES;
				GCC_C_LANGUAGE_STANDARD = gnu11;
				GCC_DYNAMIC_NO_PIC = NO;
				GCC_NO_COMMON_BLOCKS = YES;
				GCC_OPTIMIZATION_LEVEL = 0;
				GCC_PREPROCESSOR_DEFINITIONS = (
					"DEBUG=1",
					"$(inherited)",
				);
				GCC_WARN_64_TO_32_BIT_CONVERSION = YES;
				GCC_WARN_ABOUT_RETURN_TYPE = YES_ERROR;
				GCC_WARN_UNDECLARED_SELECTOR = YES;
				GCC_WARN_UNINITIALIZED_AUTOS = YES_AGGRESSIVE;
				GCC_WARN_UNUSED_FUNCTION = YES;
				GCC_WARN_UNUSED_VARIABLE = YES;
				IPHONEOS_DEPLOYMENT_TARGET = 13.2;
				MTL_ENABLE_DEBUG_INFO = INCLUDE_SOURCE;
				MTL_FAST_MATH = YES;
				ONLY_ACTIVE_ARCH = YES;
				SDKROOT = iphoneos;
				SWIFT_ACTIVE_COMPILATION_CONDITIONS = DEBUG;
				SWIFT_OPTIMIZATION_LEVEL = "-Onone";
			};
			name = Debug;
		};
		6AE1E41123EB7AD000A9AA6E /* Release */ = {
			isa = XCBuildConfiguration;
			buildSettings = {
				ALWAYS_SEARCH_USER_PATHS = NO;
				CLANG_ANALYZER_NONNULL = YES;
				CLANG_ANALYZER_NUMBER_OBJECT_CONVERSION = YES_AGGRESSIVE;
				CLANG_CXX_LANGUAGE_STANDARD = "gnu++14";
				CLANG_CXX_LIBRARY = "libc++";
				CLANG_ENABLE_MODULES = YES;
				CLANG_ENABLE_OBJC_ARC = YES;
				CLANG_ENABLE_OBJC_WEAK = YES;
				CLANG_WARN_BLOCK_CAPTURE_AUTORELEASING = YES;
				CLANG_WARN_BOOL_CONVERSION = YES;
				CLANG_WARN_COMMA = YES;
				CLANG_WARN_CONSTANT_CONVERSION = YES;
				CLANG_WARN_DEPRECATED_OBJC_IMPLEMENTATIONS = YES;
				CLANG_WARN_DIRECT_OBJC_ISA_USAGE = YES_ERROR;
				CLANG_WARN_DOCUMENTATION_COMMENTS = YES;
				CLANG_WARN_EMPTY_BODY = YES;
				CLANG_WARN_ENUM_CONVERSION = YES;
				CLANG_WARN_INFINITE_RECURSION = YES;
				CLANG_WARN_INT_CONVERSION = YES;
				CLANG_WARN_NON_LITERAL_NULL_CONVERSION = YES;
				CLANG_WARN_OBJC_IMPLICIT_RETAIN_SELF = YES;
				CLANG_WARN_OBJC_LITERAL_CONVERSION = YES;
				CLANG_WARN_OBJC_ROOT_CLASS = YES_ERROR;
				CLANG_WARN_RANGE_LOOP_ANALYSIS = YES;
				CLANG_WARN_STRICT_PROTOTYPES = YES;
				CLANG_WARN_SUSPICIOUS_MOVE = YES;
				CLANG_WARN_UNGUARDED_AVAILABILITY = YES_AGGRESSIVE;
				CLANG_WARN_UNREACHABLE_CODE = YES;
				CLANG_WARN__DUPLICATE_METHOD_MATCH = YES;
				COPY_PHASE_STRIP = NO;
				DEBUG_INFORMATION_FORMAT = "dwarf-with-dsym";
				ENABLE_NS_ASSERTIONS = NO;
				ENABLE_STRICT_OBJC_MSGSEND = YES;
				GCC_C_LANGUAGE_STANDARD = gnu11;
				GCC_NO_COMMON_BLOCKS = YES;
				GCC_WARN_64_TO_32_BIT_CONVERSION = YES;
				GCC_WARN_ABOUT_RETURN_TYPE = YES_ERROR;
				GCC_WARN_UNDECLARED_SELECTOR = YES;
				GCC_WARN_UNINITIALIZED_AUTOS = YES_AGGRESSIVE;
				GCC_WARN_UNUSED_FUNCTION = YES;
				GCC_WARN_UNUSED_VARIABLE = YES;
				IPHONEOS_DEPLOYMENT_TARGET = 13.2;
				MTL_ENABLE_DEBUG_INFO = NO;
				MTL_FAST_MATH = YES;
				SDKROOT = iphoneos;
				SWIFT_COMPILATION_MODE = wholemodule;
				SWIFT_OPTIMIZATION_LEVEL = "-O";
				VALIDATE_PRODUCT = YES;
			};
			name = Release;
		};
		6AE1E41323EB7AD000A9AA6E /* Debug */ = {
			isa = XCBuildConfiguration;
			buildSettings = {
				ASSETCATALOG_COMPILER_APPICON_NAME = AppIcon;
				CODE_SIGN_STYLE = Automatic;
				DEVELOPMENT_TEAM = B3ZVFFUM52;
				INFOPLIST_FILE = "BUSCA App/Info.plist";
				LD_RUNPATH_SEARCH_PATHS = (
					"$(inherited)",
					"@executable_path/Frameworks",
				);
				PRODUCT_BUNDLE_IDENTIFIER = "com.AR.BUSCA-App";
				PRODUCT_NAME = "$(TARGET_NAME)";
				SWIFT_VERSION = 5.0;
				TARGETED_DEVICE_FAMILY = "1,2";
			};
			name = Debug;
		};
		6AE1E41423EB7AD000A9AA6E /* Release */ = {
			isa = XCBuildConfiguration;
			buildSettings = {
				ASSETCATALOG_COMPILER_APPICON_NAME = AppIcon;
				CODE_SIGN_STYLE = Automatic;
				DEVELOPMENT_TEAM = B3ZVFFUM52;
				INFOPLIST_FILE = "BUSCA App/Info.plist";
				LD_RUNPATH_SEARCH_PATHS = (
					"$(inherited)",
					"@executable_path/Frameworks",
				);
				PRODUCT_BUNDLE_IDENTIFIER = "com.AR.BUSCA-App";
				PRODUCT_NAME = "$(TARGET_NAME)";
				SWIFT_VERSION = 5.0;
				TARGETED_DEVICE_FAMILY = "1,2";
			};
			name = Release;
		};
/* End XCBuildConfiguration section */

/* Begin XCConfigurationList section */
		6AE1E3F923EB7ACD00A9AA6E /* Build configuration list for PBXProject "BUSCA App" */ = {
			isa = XCConfigurationList;
			buildConfigurations = (
				6AE1E41023EB7AD000A9AA6E /* Debug */,
				6AE1E41123EB7AD000A9AA6E /* Release */,
			);
			defaultConfigurationIsVisible = 0;
			defaultConfigurationName = Release;
		};
		6AE1E41223EB7AD000A9AA6E /* Build configuration list for PBXNativeTarget "BUSCA App" */ = {
			isa = XCConfigurationList;
			buildConfigurations = (
				6AE1E41323EB7AD000A9AA6E /* Debug */,
				6AE1E41423EB7AD000A9AA6E /* Release */,
			);
			defaultConfigurationIsVisible = 0;
			defaultConfigurationName = Release;
		};
/* End XCConfigurationList section */
	};
	rootObject = 6AE1E3F623EB7ACD00A9AA6E /* Project object */;
}
